
Microsoft Visual Studio Solution File, Format Version 12.00
# Visual Studio 15
VisualStudioVersion = 15.0.28010.2041
MinimumVisualStudioVersion = 10.0.40219.1
Project("{FAE04EC0-301F-11D3-BF4B-00C04F79EFBC}") = "EHN-Macros", "EHN-Macros\EHN-Macros.csproj", "{BE2405C6-0095-45C0-8A18-ADFC0547E227}"
EndProject
Global
	GlobalSection(SolutionConfigurationPlatforms) = preSolution
		Debug|Any CPU = Debug|Any CPU
		Release|Any CPU = Release|Any CPU
	EndGlobalSection
	GlobalSection(ProjectConfigurationPlatforms) = postSolution
		{BE2405C6-0095-45C0-8A18-ADFC0547E227}.Debug|Any CPU.ActiveCfg = Debug|Any CPU
		{BE2405C6-0095-45C0-8A18-ADFC0547E227}.Debug|Any CPU.Build.0 = Debug|Any CPU
		{BE2405C6-0095-45C0-8A18-ADFC0547E227}.Release|Any CPU.ActiveCfg = Release|Any CPU
		{BE2405C6-0095-45C0-8A18-ADFC0547E227}.Release|Any CPU.Build.0 = Release|Any CPU
	EndGlobalSection
	GlobalSection(SolutionProperties) = preSolution
		HideSolutionNode = FALSE
	EndGlobalSection
	GlobalSection(ExtensibilityGlobals) = postSolution
		SolutionGuid = {A56855E1-F109-4E89-8B53-6B10FCF4D692}
	EndGlobalSection
EndGlobal
